// !$*UTF8*$!
{
	archiveVersion = 1;
	classes = {
	};
	objectVersion = 50;
	objects = {

/* Begin PBXBuildFile section */
		022C8314221D510400CAAC84 /* AppDelegate.m in Sources */ = {isa = PBXBuildFile; fileRef = 022C8313221D510400CAAC84 /* AppDelegate.m */; };
		022C831C221D510500CAAC84 /* Assets.xcassets in Resources */ = {isa = PBXBuildFile; fileRef = 022C831B221D510500CAAC84 /* Assets.xcassets */; };
		022C831F221D510500CAAC84 /* LaunchScreen.storyboard in Resources */ = {isa = PBXBuildFile; fileRef = 022C831D221D510500CAAC84 /* LaunchScreen.storyboard */; };
		022C8322221D510500CAAC84 /* main.m in Sources */ = {isa = PBXBuildFile; fileRef = 022C8321221D510500CAAC84 /* main.m */; };
		022C832C221D510500CAAC84 /* YYPlayViewTests.m in Sources */ = {isa = PBXBuildFile; fileRef = 022C832B221D510500CAAC84 /* YYPlayViewTests.m */; };
		022C8337221D510500CAAC84 /* YYPlayViewUITests.m in Sources */ = {isa = PBXBuildFile; fileRef = 022C8336221D510500CAAC84 /* YYPlayViewUITests.m */; };
		022C836C221D60F800CAAC84 /* YYBasicViewController.m in Sources */ = {isa = PBXBuildFile; fileRef = 022C836B221D60F800CAAC84 /* YYBasicViewController.m */; };
		022C8381221D61B200CAAC84 /* YYPersionalViewController.m in Sources */ = {isa = PBXBuildFile; fileRef = 022C8380221D61B200CAAC84 /* YYPersionalViewController.m */; };
		022C8384221D61C100CAAC84 /* YYFinderViewController.m in Sources */ = {isa = PBXBuildFile; fileRef = 022C8383221D61C100CAAC84 /* YYFinderViewController.m */; };
		022C8387221D61D400CAAC84 /* YYHomeViewController.m in Sources */ = {isa = PBXBuildFile; fileRef = 022C8386221D61D400CAAC84 /* YYHomeViewController.m */; };
		022C838A221D624800CAAC84 /* YYLaunchViewController.m in Sources */ = {isa = PBXBuildFile; fileRef = 022C8389221D624800CAAC84 /* YYLaunchViewController.m */; };
		0277FD02222632E900E3A9B6 /* YYPlayerView.m in Sources */ = {isa = PBXBuildFile; fileRef = 0277FD01222632E900E3A9B6 /* YYPlayerView.m */; };
		0277FD052226330000E3A9B6 /* YYPlayer.m in Sources */ = {isa = PBXBuildFile; fileRef = 0277FD042226330000E3A9B6 /* YYPlayer.m */; };
		0277FD082226331B00E3A9B6 /* YYControlView.m in Sources */ = {isa = PBXBuildFile; fileRef = 0277FD072226331B00E3A9B6 /* YYControlView.m */; };
		0277FD0B2226332A00E3A9B6 /* YYSliderView.m in Sources */ = {isa = PBXBuildFile; fileRef = 0277FD0A2226332A00E3A9B6 /* YYSliderView.m */; };
		0277FD0E22263F9C00E3A9B6 /* YYScreenDirection.m in Sources */ = {isa = PBXBuildFile; fileRef = 0277FD0D22263F9C00E3A9B6 /* YYScreenDirection.m */; };
		1D5722D7C3FCF9108318E70A /* libPods-YYPlayView.a in Frameworks */ = {isa = PBXBuildFile; fileRef = 268206C910D9F624A3AABE4A /* libPods-YYPlayView.a */; };
/* End PBXBuildFile section */

/* Begin PBXContainerItemProxy section */
		022C8328221D510500CAAC84 /* PBXContainerItemProxy */ = {
			isa = PBXContainerItemProxy;
			containerPortal = 022C8307221D510400CAAC84 /* Project object */;
			proxyType = 1;
			remoteGlobalIDString = 022C830E221D510400CAAC84;
			remoteInfo = YYPlayView;
		};
		022C8333221D510500CAAC84 /* PBXContainerItemProxy */ = {
			isa = PBXContainerItemProxy;
			containerPortal = 022C8307221D510400CAAC84 /* Project object */;
			proxyType = 1;
			remoteGlobalIDString = 022C830E221D510400CAAC84;
			remoteInfo = YYPlayView;
		};
/* End PBXContainerItemProxy section */

/* Begin PBXFileReference section */
		022C830F221D510400CAAC84 /* YYPlayView.app */ = {isa = PBXFileReference; explicitFileType = wrapper.application; includeInIndex = 0; path = YYPlayView.app; sourceTree = BUILT_PRODUCTS_DIR; };
		022C8312221D510400CAAC84 /* AppDelegate.h */ = {isa = PBXFileReference; lastKnownFileType = sourcecode.c.h; path = AppDelegate.h; sourceTree = "<group>"; };
		022C8313221D510400CAAC84 /* AppDelegate.m */ = {isa = PBXFileReference; lastKnownFileType = sourcecode.c.objc; path = AppDelegate.m; sourceTree = "<group>"; };
		022C831B221D510500CAAC84 /* Assets.xcassets */ = {isa = PBXFileReference; lastKnownFileType = folder.assetcatalog; path = Assets.xcassets; sourceTree = "<group>"; };
		022C831E221D510500CAAC84 /* Base */ = {isa = PBXFileReference; lastKnownFileType = file.storyboard; name = Base; path = Base.lproj/LaunchScreen.storyboard; sourceTree = "<group>"; };
		022C8320221D510500CAAC84 /* Info.plist */ = {isa = PBXFileReference; lastKnownFileType = text.plist.xml; path = Info.plist; sourceTree = "<group>"; };
		022C8321221D510500CAAC84 /* main.m */ = {isa = PBXFileReference; lastKnownFileType = sourcecode.c.objc; path = main.m; sourceTree = "<group>"; };
		022C8327221D510500CAAC84 /* YYPlayViewTests.xctest */ = {isa = PBXFileReference; explicitFileType = wrapper.cfbundle; includeInIndex = 0; path = YYPlayViewTests.xctest; sourceTree = BUILT_PRODUCTS_DIR; };
		022C832B221D510500CAAC84 /* YYPlayViewTests.m */ = {isa = PBXFileReference; lastKnownFileType = sourcecode.c.objc; path = YYPlayViewTests.m; sourceTree = "<group>"; };
		022C832D221D510500CAAC84 /* Info.plist */ = {isa = PBXFileReference; lastKnownFileType = text.plist.xml; path = Info.plist; sourceTree = "<group>"; };
		022C8332221D510500CAAC84 /* YYPlayViewUITests.xctest */ = {isa = PBXFileReference; explicitFileType = wrapper.cfbundle; includeInIndex = 0; path = YYPlayViewUITests.xctest; sourceTree = BUILT_PRODUCTS_DIR; };
		022C8336221D510500CAAC84 /* YYPlayViewUITests.m */ = {isa = PBXFileReference; lastKnownFileType = sourcecode.c.objc; path = YYPlayViewUITests.m; sourceTree = "<group>"; };
		022C8338221D510500CAAC84 /* Info.plist */ = {isa = PBXFileReference; lastKnownFileType = text.plist.xml; path = Info.plist; sourceTree = "<group>"; };
		022C836A221D60F800CAAC84 /* YYBasicViewController.h */ = {isa = PBXFileReference; lastKnownFileType = sourcecode.c.h; path = YYBasicViewController.h; sourceTree = "<group>"; };
		022C836B221D60F800CAAC84 /* YYBasicViewController.m */ = {isa = PBXFileReference; lastKnownFileType = sourcecode.c.objc; path = YYBasicViewController.m; sourceTree = "<group>"; };
		022C837F221D61B200CAAC84 /* YYPersionalViewController.h */ = {isa = PBXFileReference; lastKnownFileType = sourcecode.c.h; path = YYPersionalViewController.h; sourceTree = "<group>"; };
		022C8380221D61B200CAAC84 /* YYPersionalViewController.m */ = {isa = PBXFileReference; lastKnownFileType = sourcecode.c.objc; path = YYPersionalViewController.m; sourceTree = "<group>"; };
		022C8382221D61C100CAAC84 /* YYFinderViewController.h */ = {isa = PBXFileReference; lastKnownFileType = sourcecode.c.h; path = YYFinderViewController.h; sourceTree = "<group>"; };
		022C8383221D61C100CAAC84 /* YYFinderViewController.m */ = {isa = PBXFileReference; lastKnownFileType = sourcecode.c.objc; path = YYFinderViewController.m; sourceTree = "<group>"; };
		022C8385221D61D400CAAC84 /* YYHomeViewController.h */ = {isa = PBXFileReference; lastKnownFileType = sourcecode.c.h; path = YYHomeViewController.h; sourceTree = "<group>"; };
		022C8386221D61D400CAAC84 /* YYHomeViewController.m */ = {isa = PBXFileReference; lastKnownFileType = sourcecode.c.objc; path = YYHomeViewController.m; sourceTree = "<group>"; };
		022C8388221D624800CAAC84 /* YYLaunchViewController.h */ = {isa = PBXFileReference; lastKnownFileType = sourcecode.c.h; path = YYLaunchViewController.h; sourceTree = "<group>"; };
		022C8389221D624800CAAC84 /* YYLaunchViewController.m */ = {isa = PBXFileReference; lastKnownFileType = sourcecode.c.objc; path = YYLaunchViewController.m; sourceTree = "<group>"; };
		0277FD00222632E900E3A9B6 /* YYPlayerView.h */ = {isa = PBXFileReference; lastKnownFileType = sourcecode.c.h; path = YYPlayerView.h; sourceTree = "<group>"; };
		0277FD01222632E900E3A9B6 /* YYPlayerView.m */ = {isa = PBXFileReference; lastKnownFileType = sourcecode.c.objc; path = YYPlayerView.m; sourceTree = "<group>"; };
		0277FD032226330000E3A9B6 /* YYPlayer.h */ = {isa = PBXFileReference; lastKnownFileType = sourcecode.c.h; path = YYPlayer.h; sourceTree = "<group>"; };
		0277FD042226330000E3A9B6 /* YYPlayer.m */ = {isa = PBXFileReference; lastKnownFileType = sourcecode.c.objc; path = YYPlayer.m; sourceTree = "<group>"; };
		0277FD062226331B00E3A9B6 /* YYControlView.h */ = {isa = PBXFileReference; lastKnownFileType = sourcecode.c.h; path = YYControlView.h; sourceTree = "<group>"; };
		0277FD072226331B00E3A9B6 /* YYControlView.m */ = {isa = PBXFileReference; lastKnownFileType = sourcecode.c.objc; path = YYControlView.m; sourceTree = "<group>"; };
		0277FD092226332A00E3A9B6 /* YYSliderView.h */ = {isa = PBXFileReference; lastKnownFileType = sourcecode.c.h; path = YYSliderView.h; sourceTree = "<group>"; };
		0277FD0A2226332A00E3A9B6 /* YYSliderView.m */ = {isa = PBXFileReference; lastKnownFileType = sourcecode.c.objc; path = YYSliderView.m; sourceTree = "<group>"; };
		0277FD0C22263F9C00E3A9B6 /* YYScreenDirection.h */ = {isa = PBXFileReference; lastKnownFileType = sourcecode.c.h; path = YYScreenDirection.h; sourceTree = "<group>"; };
		0277FD0D22263F9C00E3A9B6 /* YYScreenDirection.m */ = {isa = PBXFileReference; lastKnownFileType = sourcecode.c.objc; path = YYScreenDirection.m; sourceTree = "<group>"; };
		268206C910D9F624A3AABE4A /* libPods-YYPlayView.a */ = {isa = PBXFileReference; explicitFileType = archive.ar; includeInIndex = 0; path = "libPods-YYPlayView.a"; sourceTree = BUILT_PRODUCTS_DIR; };
		6A4CD7ADC68B97EEAA565D56 /* Pods-YYPlayView.release.xcconfig */ = {isa = PBXFileReference; includeInIndex = 1; lastKnownFileType = text.xcconfig; name = "Pods-YYPlayView.release.xcconfig"; path = "Pods/Target Support Files/Pods-YYPlayView/Pods-YYPlayView.release.xcconfig"; sourceTree = "<group>"; };
		7125F42D1F1A50B2D2C4FF74 /* Pods-YYPlayView.debug.xcconfig */ = {isa = PBXFileReference; includeInIndex = 1; lastKnownFileType = text.xcconfig; name = "Pods-YYPlayView.debug.xcconfig"; path = "Pods/Target Support Files/Pods-YYPlayView/Pods-YYPlayView.debug.xcconfig"; sourceTree = "<group>"; };
/* End PBXFileReference section */

/* Begin PBXFrameworksBuildPhase section */
		022C830C221D510400CAAC84 /* Frameworks */ = {
			isa = PBXFrameworksBuildPhase;
			buildActionMask = 2147483647;
			files = (
				1D5722D7C3FCF9108318E70A /* libPods-YYPlayView.a in Frameworks */,
			);
			runOnlyForDeploymentPostprocessing = 0;
		};
		022C8324221D510500CAAC84 /* Frameworks */ = {
			isa = PBXFrameworksBuildPhase;
			buildActionMask = 2147483647;
			files = (
			);
			runOnlyForDeploymentPostprocessing = 0;
		};
		022C832F221D510500CAAC84 /* Frameworks */ = {
			isa = PBXFrameworksBuildPhase;
			buildActionMask = 2147483647;
			files = (
			);
			runOnlyForDeploymentPostprocessing = 0;
		};
/* End PBXFrameworksBuildPhase section */

/* Begin PBXGroup section */
		022C8306221D510400CAAC84 = {
			isa = PBXGroup;
			children = (
				022C8311221D510400CAAC84 /* YYPlayView */,
				022C832A221D510500CAAC84 /* YYPlayViewTests */,
				022C8335221D510500CAAC84 /* YYPlayViewUITests */,
				022C8310221D510400CAAC84 /* Products */,
				3AE1148465A12771D69E8376 /* Pods */,
				5A9E7D9A78CE616A8F105AB7 /* Frameworks */,
			);
			sourceTree = "<group>";
		};
		022C8310221D510400CAAC84 /* Products */ = {
			isa = PBXGroup;
			children = (
				022C830F221D510400CAAC84 /* YYPlayView.app */,
				022C8327221D510500CAAC84 /* YYPlayViewTests.xctest */,
				022C8332221D510500CAAC84 /* YYPlayViewUITests.xctest */,
			);
			name = Products;
			sourceTree = "<group>";
		};
		022C8311221D510400CAAC84 /* YYPlayView */ = {
			isa = PBXGroup;
			children = (
				022C8312221D510400CAAC84 /* AppDelegate.h */,
				022C8313221D510400CAAC84 /* AppDelegate.m */,
				022C836A221D60F800CAAC84 /* YYBasicViewController.h */,
				022C836B221D60F800CAAC84 /* YYBasicViewController.m */,
				022C8388221D624800CAAC84 /* YYLaunchViewController.h */,
				022C8389221D624800CAAC84 /* YYLaunchViewController.m */,
				0277FCFF222632B600E3A9B6 /* Player */,
				022C8373221D613D00CAAC84 /* Home */,
				022C8374221D614800CAAC84 /* Finder */,
				022C8375221D615300CAAC84 /* Persional */,
				022C8372221D613800CAAC84 /* Models */,
				022C8371221D612D00CAAC84 /* CommonView */,
				022C8370221D612500CAAC84 /* Vendor */,
				022C836F221D611E00CAAC84 /* Utils */,
				022C836E221D611200CAAC84 /* Categroies */,
				022C836D221D60FD00CAAC84 /* Extensions */,
				022C831B221D510500CAAC84 /* Assets.xcassets */,
				022C831D221D510500CAAC84 /* LaunchScreen.storyboard */,
				022C8320221D510500CAAC84 /* Info.plist */,
				022C8321221D510500CAAC84 /* main.m */,
			);
			path = YYPlayView;
			sourceTree = "<group>";
		};
		022C832A221D510500CAAC84 /* YYPlayViewTests */ = {
			isa = PBXGroup;
			children = (
				022C832B221D510500CAAC84 /* YYPlayViewTests.m */,
				022C832D221D510500CAAC84 /* Info.plist */,
			);
			path = YYPlayViewTests;
			sourceTree = "<group>";
		};
		022C8335221D510500CAAC84 /* YYPlayViewUITests */ = {
			isa = PBXGroup;
			children = (
				022C8336221D510500CAAC84 /* YYPlayViewUITests.m */,
				022C8338221D510500CAAC84 /* Info.plist */,
			);
			path = YYPlayViewUITests;
			sourceTree = "<group>";
		};
		022C836D221D60FD00CAAC84 /* Extensions */ = {
			isa = PBXGroup;
			children = (
			);
			path = Extensions;
			sourceTree = "<group>";
		};
		022C836E221D611200CAAC84 /* Categroies */ = {
			isa = PBXGroup;
			children = (
			);
			path = Categroies;
			sourceTree = "<group>";
		};
		022C836F221D611E00CAAC84 /* Utils */ = {
			isa = PBXGroup;
			children = (
				0277FD0C22263F9C00E3A9B6 /* YYScreenDirection.h */,
				0277FD0D22263F9C00E3A9B6 /* YYScreenDirection.m */,
			);
			path = Utils;
			sourceTree = "<group>";
		};
		022C8370221D612500CAAC84 /* Vendor */ = {
			isa = PBXGroup;
			children = (
			);
			path = Vendor;
			sourceTree = "<group>";
		};
		022C8371221D612D00CAAC84 /* CommonView */ = {
			isa = PBXGroup;
			children = (
			);
			path = CommonView;
			sourceTree = "<group>";
		};
		022C8372221D613800CAAC84 /* Models */ = {
			isa = PBXGroup;
			children = (
			);
			path = Models;
			sourceTree = "<group>";
		};
		022C8373221D613D00CAAC84 /* Home */ = {
			isa = PBXGroup;
			children = (
				022C8378221D616B00CAAC84 /* Controllers  */,
				022C8377221D616500CAAC84 /* Model */,
				022C8376221D615D00CAAC84 /* View */,
			);
			path = Home;
			sourceTree = "<group>";
		};
		022C8374221D614800CAAC84 /* Finder */ = {
			isa = PBXGroup;
			children = (
				022C837B221D617F00CAAC84 /* Controllers  */,
				022C837A221D617800CAAC84 /* Model */,
				022C8379221D617300CAAC84 /* View */,
			);
			path = Finder;
			sourceTree = "<group>";
		};
		022C8375221D615300CAAC84 /* Persional */ = {
			isa = PBXGroup;
			children = (
				022C837E221D619000CAAC84 /* Controllers  */,
				022C837D221D618B00CAAC84 /* Model */,
				022C837C221D618500CAAC84 /* View */,
			);
			path = Persional;
			sourceTree = "<group>";
		};
		022C8376221D615D00CAAC84 /* View */ = {
			isa = PBXGroup;
			children = (
			);
			path = View;
			sourceTree = "<group>";
		};
		022C8377221D616500CAAC84 /* Model */ = {
			isa = PBXGroup;
			children = (
			);
			path = Model;
			sourceTree = "<group>";
		};
		022C8378221D616B00CAAC84 /* Controllers  */ = {
			isa = PBXGroup;
			children = (
				022C8385221D61D400CAAC84 /* YYHomeViewController.h */,
				022C8386221D61D400CAAC84 /* YYHomeViewController.m */,
			);
			path = "Controllers ";
			sourceTree = "<group>";
		};
		022C8379221D617300CAAC84 /* View */ = {
			isa = PBXGroup;
			children = (
			);
			path = View;
			sourceTree = "<group>";
		};
		022C837A221D617800CAAC84 /* Model */ = {
			isa = PBXGroup;
			children = (
			);
			path = Model;
			sourceTree = "<group>";
		};
		022C837B221D617F00CAAC84 /* Controllers  */ = {
			isa = PBXGroup;
			children = (
				022C8382221D61C100CAAC84 /* YYFinderViewController.h */,
				022C8383221D61C100CAAC84 /* YYFinderViewController.m */,
			);
			path = "Controllers ";
			sourceTree = "<group>";
		};
		022C837C221D618500CAAC84 /* View */ = {
			isa = PBXGroup;
			children = (
			);
			path = View;
			sourceTree = "<group>";
		};
		022C837D221D618B00CAAC84 /* Model */ = {
			isa = PBXGroup;
			children = (
			);
			path = Model;
			sourceTree = "<group>";
		};
		022C837E221D619000CAAC84 /* Controllers  */ = {
			isa = PBXGroup;
			children = (
				022C837F221D61B200CAAC84 /* YYPersionalViewController.h */,
				022C8380221D61B200CAAC84 /* YYPersionalViewController.m */,
			);
			path = "Controllers ";
			sourceTree = "<group>";
		};
		0277FCFF222632B600E3A9B6 /* Player */ = {
			isa = PBXGroup;
			children = (
				0277FD00222632E900E3A9B6 /* YYPlayerView.h */,
				0277FD01222632E900E3A9B6 /* YYPlayerView.m */,
				0277FD062226331B00E3A9B6 /* YYControlView.h */,
				0277FD072226331B00E3A9B6 /* YYControlView.m */,
				0277FD092226332A00E3A9B6 /* YYSliderView.h */,
				0277FD0A2226332A00E3A9B6 /* YYSliderView.m */,
				0277FD032226330000E3A9B6 /* YYPlayer.h */,
				0277FD042226330000E3A9B6 /* YYPlayer.m */,
			);
			path = Player;
			sourceTree = "<group>";
		};
		3AE1148465A12771D69E8376 /* Pods */ = {
			isa = PBXGroup;
			children = (
				7125F42D1F1A50B2D2C4FF74 /* Pods-YYPlayView.debug.xcconfig */,
				6A4CD7ADC68B97EEAA565D56 /* Pods-YYPlayView.release.xcconfig */,
			);
			name = Pods;
			sourceTree = "<group>";
		};
		5A9E7D9A78CE616A8F105AB7 /* Frameworks */ = {
			isa = PBXGroup;
			children = (
				268206C910D9F624A3AABE4A /* libPods-YYPlayView.a */,
			);
			name = Frameworks;
			sourceTree = "<group>";
		};
/* End PBXGroup section */

/* Begin PBXNativeTarget section */
		022C830E221D510400CAAC84 /* YYPlayView */ = {
			isa = PBXNativeTarget;
			buildConfigurationList = 022C833B221D510500CAAC84 /* Build configuration list for PBXNativeTarget "YYPlayView" */;
			buildPhases = (
				AC80D53FD304A421C761A5BF /* [CP] Check Pods Manifest.lock */,
				022C830B221D510400CAAC84 /* Sources */,
				022C830C221D510400CAAC84 /* Frameworks */,
				022C830D221D510400CAAC84 /* Resources */,
			);
			buildRules = (
			);
			dependencies = (
			);
			name = YYPlayView;
			productName = YYPlayView;
			productReference = 022C830F221D510400CAAC84 /* YYPlayView.app */;
			productType = "com.apple.product-type.application";
		};
		022C8326221D510500CAAC84 /* YYPlayViewTests */ = {
			isa = PBXNativeTarget;
			buildConfigurationList = 022C833E221D510500CAAC84 /* Build configuration list for PBXNativeTarget "YYPlayViewTests" */;
			buildPhases = (
				022C8323221D510500CAAC84 /* Sources */,
				022C8324221D510500CAAC84 /* Frameworks */,
				022C8325221D510500CAAC84 /* Resources */,
			);
			buildRules = (
			);
			dependencies = (
				022C8329221D510500CAAC84 /* PBXTargetDependency */,
			);
			name = YYPlayViewTests;
			productName = YYPlayViewTests;
			productReference = 022C8327221D510500CAAC84 /* YYPlayViewTests.xctest */;
			productType = "com.apple.product-type.bundle.unit-test";
		};
		022C8331221D510500CAAC84 /* YYPlayViewUITests */ = {
			isa = PBXNativeTarget;
			buildConfigurationList = 022C8341221D510500CAAC84 /* Build configuration list for PBXNativeTarget "YYPlayViewUITests" */;
			buildPhases = (
				022C832E221D510500CAAC84 /* Sources */,
				022C832F221D510500CAAC84 /* Frameworks */,
				022C8330221D510500CAAC84 /* Resources */,
			);
			buildRules = (
			);
			dependencies = (
				022C8334221D510500CAAC84 /* PBXTargetDependency */,
			);
			name = YYPlayViewUITests;
			productName = YYPlayViewUITests;
			productReference = 022C8332221D510500CAAC84 /* YYPlayViewUITests.xctest */;
			productType = "com.apple.product-type.bundle.ui-testing";
		};
/* End PBXNativeTarget section */

/* Begin PBXProject section */
		022C8307221D510400CAAC84 /* Project object */ = {
			isa = PBXProject;
			attributes = {
				LastUpgradeCheck = 1010;
				ORGANIZATIONNAME = alibaba;
				TargetAttributes = {
					022C830E221D510400CAAC84 = {
						CreatedOnToolsVersion = 10.1;
					};
					022C8326221D510500CAAC84 = {
						CreatedOnToolsVersion = 10.1;
						TestTargetID = 022C830E221D510400CAAC84;
					};
					022C8331221D510500CAAC84 = {
						CreatedOnToolsVersion = 10.1;
						TestTargetID = 022C830E221D510400CAAC84;
					};
				};
			};
			buildConfigurationList = 022C830A221D510400CAAC84 /* Build configuration list for PBXProject "YYPlayView" */;
			compatibilityVersion = "Xcode 9.3";
			developmentRegion = en;
			hasScannedForEncodings = 0;
			knownRegions = (
				en,
				Base,
			);
			mainGroup = 022C8306221D510400CAAC84;
			productRefGroup = 022C8310221D510400CAAC84 /* Products */;
			projectDirPath = "";
			projectRoot = "";
			targets = (
				022C830E221D510400CAAC84 /* YYPlayView */,
				022C8326221D510500CAAC84 /* YYPlayViewTests */,
				022C8331221D510500CAAC84 /* YYPlayViewUITests */,
			);
		};
/* End PBXProject section */

/* Begin PBXResourcesBuildPhase section */
		022C830D221D510400CAAC84 /* Resources */ = {
			isa = PBXResourcesBuildPhase;
			buildActionMask = 2147483647;
			files = (
				022C831F221D510500CAAC84 /* LaunchScreen.storyboard in Resources */,
				022C831C221D510500CAAC84 /* Assets.xcassets in Resources */,
			);
			runOnlyForDeploymentPostprocessing = 0;
		};
		022C8325221D510500CAAC84 /* Resources */ = {
			isa = PBXResourcesBuildPhase;
			buildActionMask = 2147483647;
			files = (
			);
			runOnlyForDeploymentPostprocessing = 0;
		};
		022C8330221D510500CAAC84 /* Resources */ = {
			isa = PBXResourcesBuildPhase;
			buildActionMask = 2147483647;
			files = (
			);
			runOnlyForDeploymentPostprocessing = 0;
		};
/* End PBXResourcesBuildPhase section */

/* Begin PBXShellScriptBuildPhase section */
		AC80D53FD304A421C761A5BF /* [CP] Check Pods Manifest.lock */ = {
			isa = PBXShellScriptBuildPhase;
			buildActionMask = 2147483647;
			files = (
			);
			inputPaths = (
				"${PODS_PODFILE_DIR_PATH}/Podfile.lock",
				"${PODS_ROOT}/Manifest.lock",
			);
			name = "[CP] Check Pods Manifest.lock";
			outputPaths = (
				"$(DERIVED_FILE_DIR)/Pods-YYPlayView-checkManifestLockResult.txt",
			);
			runOnlyForDeploymentPostprocessing = 0;
			shellPath = /bin/sh;
			shellScript = "diff \"${PODS_PODFILE_DIR_PATH}/Podfile.lock\" \"${PODS_ROOT}/Manifest.lock\" > /dev/null\nif [ $? != 0 ] ; then\n    # print error to STDERR\n    echo \"error: The sandbox is not in sync with the Podfile.lock. Run 'pod install' or update your CocoaPods installation.\" >&2\n    exit 1\nfi\n# This output is used by Xcode 'outputs' to avoid re-running this script phase.\necho \"SUCCESS\" > \"${SCRIPT_OUTPUT_FILE_0}\"\n";
			showEnvVarsInLog = 0;
		};
/* End PBXShellScriptBuildPhase section */

/* Begin PBXSourcesBuildPhase section */
		022C830B221D510400CAAC84 /* Sources */ = {
			isa = PBXSourcesBuildPhase;
			buildActionMask = 2147483647;
			files = (
				022C8387221D61D400CAAC84 /* YYHomeViewController.m in Sources */,
				022C8381221D61B200CAAC84 /* YYPersionalViewController.m in Sources */,
				022C838A221D624800CAAC84 /* YYLaunchViewController.m in Sources */,
				0277FD02222632E900E3A9B6 /* YYPlayerView.m in Sources */,
				022C8322221D510500CAAC84 /* main.m in Sources */,
				0277FD052226330000E3A9B6 /* YYPlayer.m in Sources */,
				022C836C221D60F800CAAC84 /* YYBasicViewController.m in Sources */,
				022C8384221D61C100CAAC84 /* YYFinderViewController.m in Sources */,
				0277FD082226331B00E3A9B6 /* YYControlView.m in Sources */,
				0277FD0E22263F9C00E3A9B6 /* YYScreenDirection.m in Sources */,
				022C8314221D510400CAAC84 /* AppDelegate.m in Sources */,
				0277FD0B2226332A00E3A9B6 /* YYSliderView.m in Sources */,
			);
			runOnlyForDeploymentPostprocessing = 0;
		};
		022C8323221D510500CAAC84 /* Sources */ = {
			isa = PBXSourcesBuildPhase;
			buildActionMask = 2147483647;
			files = (
				022C832C221D510500CAAC84 /* YYPlayViewTests.m in Sources */,
			);
			runOnlyForDeploymentPostprocessing = 0;
		};
		022C832E221D510500CAAC84 /* Sources */ = {
			isa = PBXSourcesBuildPhase;
			buildActionMask = 2147483647;
			files = (
				022C8337221D510500CAAC84 /* YYPlayViewUITests.m in Sources */,
			);
			runOnlyForDeploymentPostprocessing = 0;
		};
/* End PBXSourcesBuildPhase section */

/* Begin PBXTargetDependency section */
		022C8329221D510500CAAC84 /* PBXTargetDependency */ = {
			isa = PBXTargetDependency;
			target = 022C830E221D510400CAAC84 /* YYPlayView */;
			targetProxy = 022C8328221D510500CAAC84 /* PBXContainerItemProxy */;
		};
		022C8334221D510500CAAC84 /* PBXTargetDependency */ = {
			isa = PBXTargetDependency;
			target = 022C830E221D510400CAAC84 /* YYPlayView */;
			targetProxy = 022C8333221D510500CAAC84 /* PBXContainerItemProxy */;
		};
/* End PBXTargetDependency section */

/* Begin PBXVariantGroup section */
		022C831D221D510500CAAC84 /* LaunchScreen.storyboard */ = {
			isa = PBXVariantGroup;
			children = (
				022C831E221D510500CAAC84 /* Base */,
			);
			name = LaunchScreen.storyboard;
			sourceTree = "<group>";
		};
/* End PBXVariantGroup section */

/* Begin XCBuildConfiguration section */
		022C8339221D510500CAAC84 /* Debug */ = {
			isa = XCBuildConfiguration;
			buildSettings = {
				ALWAYS_SEARCH_USER_PATHS = NO;
				CLANG_ANALYZER_NONNULL = YES;
				CLANG_ANALYZER_NUMBER_OBJECT_CONVERSION = YES_AGGRESSIVE;
				CLANG_CXX_LANGUAGE_STANDARD = "gnu++14";
				CLANG_CXX_LIBRARY = "libc++";
				CLANG_ENABLE_MODULES = YES;
				CLANG_ENABLE_OBJC_ARC = YES;
				CLANG_ENABLE_OBJC_WEAK = YES;
				CLANG_WARN_BLOCK_CAPTURE_AUTORELEASING = YES;
				CLANG_WARN_BOOL_CONVERSION = YES;
				CLANG_WARN_COMMA = YES;
				CLANG_WARN_CONSTANT_CONVERSION = YES;
				CLANG_WARN_DEPRECATED_OBJC_IMPLEMENTATIONS = YES;
				CLANG_WARN_DIRECT_OBJC_ISA_USAGE = YES_ERROR;
				CLANG_WARN_DOCUMENTATION_COMMENTS = YES;
				CLANG_WARN_EMPTY_BODY = YES;
				CLANG_WARN_ENUM_CONVERSION = YES;
				CLANG_WARN_INFINITE_RECURSION = YES;
				CLANG_WARN_INT_CONVERSION = YES;
				CLANG_WARN_NON_LITERAL_NULL_CONVERSION = YES;
				CLANG_WARN_OBJC_IMPLICIT_RETAIN_SELF = YES;
				CLANG_WARN_OBJC_LITERAL_CONVERSION = YES;
				CLANG_WARN_OBJC_ROOT_CLASS = YES_ERROR;
				CLANG_WARN_RANGE_LOOP_ANALYSIS = YES;
				CLANG_WARN_STRICT_PROTOTYPES = YES;
				CLANG_WARN_SUSPICIOUS_MOVE = YES;
				CLANG_WARN_UNGUARDED_AVAILABILITY = YES_AGGRESSIVE;
				CLANG_WARN_UNREACHABLE_CODE = YES;
				CLANG_WARN__DUPLICATE_METHOD_MATCH = YES;
				CODE_SIGN_IDENTITY = "iPhone Developer";
				COPY_PHASE_STRIP = NO;
				DEBUG_INFORMATION_FORMAT = dwarf;
				ENABLE_STRICT_OBJC_MSGSEND = YES;
				ENABLE_TESTABILITY = YES;
				GCC_C_LANGUAGE_STANDARD = gnu11;
				GCC_DYNAMIC_NO_PIC = NO;
				GCC_NO_COMMON_BLOCKS = YES;
				GCC_OPTIMIZATION_LEVEL = 0;
				GCC_PREPROCESSOR_DEFINITIONS = (
					"DEBUG=1",
					"$(inherited)",
				);
				GCC_WARN_64_TO_32_BIT_CONVERSION = YES;
				GCC_WARN_ABOUT_RETURN_TYPE = YES_ERROR;
				GCC_WARN_UNDECLARED_SELECTOR = YES;
				GCC_WARN_UNINITIALIZED_AUTOS = YES_AGGRESSIVE;
				GCC_WARN_UNUSED_FUNCTION = YES;
				GCC_WARN_UNUSED_VARIABLE = YES;
				IPHONEOS_DEPLOYMENT_TARGET = 12.1;
				MTL_ENABLE_DEBUG_INFO = INCLUDE_SOURCE;
				MTL_FAST_MATH = YES;
				ONLY_ACTIVE_ARCH = YES;
				SDKROOT = iphoneos;
			};
			name = Debug;
		};
		022C833A221D510500CAAC84 /* Release */ = {
			isa = XCBuildConfiguration;
			buildSettings = {
				ALWAYS_SEARCH_USER_PATHS = NO;
				CLANG_ANALYZER_NONNULL = YES;
				CLANG_ANALYZER_NUMBER_OBJECT_CONVERSION = YES_AGGRESSIVE;
				CLANG_CXX_LANGUAGE_STANDARD = "gnu++14";
				CLANG_CXX_LIBRARY = "libc++";
				CLANG_ENABLE_MODULES = YES;
				CLANG_ENABLE_OBJC_ARC = YES;
				CLANG_ENABLE_OBJC_WEAK = YES;
				CLANG_WARN_BLOCK_CAPTURE_AUTORELEASING = YES;
				CLANG_WARN_BOOL_CONVERSION = YES;
				CLANG_WARN_COMMA = YES;
				CLANG_WARN_CONSTANT_CONVERSION = YES;
				CLANG_WARN_DEPRECATED_OBJC_IMPLEMENTATIONS = YES;
				CLANG_WARN_DIRECT_OBJC_ISA_USAGE = YES_ERROR;
				CLANG_WARN_DOCUMENTATION_COMMENTS = YES;
				CLANG_WARN_EMPTY_BODY = YES;
				CLANG_WARN_ENUM_CONVERSION = YES;
				CLANG_WARN_INFINITE_RECURSION = YES;
				CLANG_WARN_INT_CONVERSION = YES;
				CLANG_WARN_NON_LITERAL_NULL_CONVERSION = YES;
				CLANG_WARN_OBJC_IMPLICIT_RETAIN_SELF = YES;
				CLANG_WARN_OBJC_LITERAL_CONVERSION = YES;
				CLANG_WARN_OBJC_ROOT_CLASS = YES_ERROR;
				CLANG_WARN_RANGE_LOOP_ANALYSIS = YES;
				CLANG_WARN_STRICT_PROTOTYPES = YES;
				CLANG_WARN_SUSPICIOUS_MOVE = YES;
				CLANG_WARN_UNGUARDED_AVAILABILITY = YES_AGGRESSIVE;
				CLANG_WARN_UNREACHABLE_CODE = YES;
				CLANG_WARN__DUPLICATE_METHOD_MATCH = YES;
				CODE_SIGN_IDENTITY = "iPhone Developer";
				COPY_PHASE_STRIP = NO;
				DEBUG_INFORMATION_FORMAT = "dwarf-with-dsym";
				ENABLE_NS_ASSERTIONS = NO;
				ENABLE_STRICT_OBJC_MSGSEND = YES;
				GCC_C_LANGUAGE_STANDARD = gnu11;
				GCC_NO_COMMON_BLOCKS = YES;
				GCC_WARN_64_TO_32_BIT_CONVERSION = YES;
				GCC_WARN_ABOUT_RETURN_TYPE = YES_ERROR;
				GCC_WARN_UNDECLARED_SELECTOR = YES;
				GCC_WARN_UNINITIALIZED_AUTOS = YES_AGGRESSIVE;
				GCC_WARN_UNUSED_FUNCTION = YES;
				GCC_WARN_UNUSED_VARIABLE = YES;
				IPHONEOS_DEPLOYMENT_TARGET = 12.1;
				MTL_ENABLE_DEBUG_INFO = NO;
				MTL_FAST_MATH = YES;
				SDKROOT = iphoneos;
				VALIDATE_PRODUCT = YES;
			};
			name = Release;
		};
		022C833C221D510500CAAC84 /* Debug */ = {
			isa = XCBuildConfiguration;
			baseConfigurationReference = 7125F42D1F1A50B2D2C4FF74 /* Pods-YYPlayView.debug.xcconfig */;
			buildSettings = {
				ASSETCATALOG_COMPILER_APPICON_NAME = AppIcon;
				CODE_SIGN_STYLE = Automatic;
				DEVELOPMENT_TEAM = C65NGF4G9P;
				INFOPLIST_FILE = YYPlayView/Info.plist;
				IPHONEOS_DEPLOYMENT_TARGET = 8.0;
				LD_RUNPATH_SEARCH_PATHS = (
					"$(inherited)",
					"@executable_path/Frameworks",
				);
				PRODUCT_BUNDLE_IDENTIFIER = com.alibaba.YYPlayView;
				PRODUCT_NAME = "$(TARGET_NAME)";
				TARGETED_DEVICE_FAMILY = "1,2";
			};
			name = Debug;
		};
		022C833D221D510500CAAC84 /* Release */ = {
			isa = XCBuildConfiguration;
			baseConfigurationReference = 6A4CD7ADC68B97EEAA565D56 /* Pods-YYPlayView.release.xcconfig */;
			buildSettings = {
				ASSETCATALOG_COMPILER_APPICON_NAME = AppIcon;
				CODE_SIGN_STYLE = Automatic;
				DEVELOPMENT_TEAM = C65NGF4G9P;
				INFOPLIST_FILE = YYPlayView/Info.plist;
				IPHONEOS_DEPLOYMENT_TARGET = 8.0;
				LD_RUNPATH_SEARCH_PATHS = (
					"$(inherited)",
					"@executable_path/Frameworks",
				);
				PRODUCT_BUNDLE_IDENTIFIER = com.alibaba.YYPlayView;
				PRODUCT_NAME = "$(TARGET_NAME)";
				TARGETED_DEVICE_FAMILY = "1,2";
			};
			name = Release;
		};
		022C833F221D510500CAAC84 /* Debug */ = {
			isa = XCBuildConfiguration;
			buildSettings = {
				BUNDLE_LOADER = "$(TEST_HOST)";
				CODE_SIGN_STYLE = Automatic;
				INFOPLIST_FILE = YYPlayViewTests/Info.plist;
				LD_RUNPATH_SEARCH_PATHS = (
					"$(inherited)",
					"@executable_path/Frameworks",
					"@loader_path/Frameworks",
				);
				PRODUCT_BUNDLE_IDENTIFIER = com.alibaba.YYPlayViewTests;
				PRODUCT_NAME = "$(TARGET_NAME)";
				TARGETED_DEVICE_FAMILY = "1,2";
				TEST_HOST = "$(BUILT_PRODUCTS_DIR)/YYPlayView.app/YYPlayView";
			};
			name = Debug;
		};
		022C8340221D510500CAAC84 /* Release */ = {
			isa = XCBuildConfiguration;
			buildSettings = {
				BUNDLE_LOADER = "$(TEST_HOST)";
				CODE_SIGN_STYLE = Automatic;
				INFOPLIST_FILE = YYPlayViewTests/Info.plist;
				LD_RUNPATH_SEARCH_PATHS = (
					"$(inherited)",
					"@executable_path/Frameworks",
					"@loader_path/Frameworks",
				);
				PRODUCT_BUNDLE_IDENTIFIER = com.alibaba.YYPlayViewTests;
				PRODUCT_NAME = "$(TARGET_NAME)";
				TARGETED_DEVICE_FAMILY = "1,2";
				TEST_HOST = "$(BUILT_PRODUCTS_DIR)/YYPlayView.app/YYPlayView";
			};
			name = Release;
		};
		022C8342221D510500CAAC84 /* Debug */ = {
			isa = XCBuildConfiguration;
			buildSettings = {
				CODE_SIGN_STYLE = Automatic;
				INFOPLIST_FILE = YYPlayViewUITests/Info.plist;
				LD_RUNPATH_SEARCH_PATHS = (
					"$(inherited)",
					"@executable_path/Frameworks",
					"@loader_path/Frameworks",
				);
				PRODUCT_BUNDLE_IDENTIFIER = com.alibaba.YYPlayViewUITests;
				PRODUCT_NAME = "$(TARGET_NAME)";
				TARGETED_DEVICE_FAMILY = "1,2";
				TEST_TARGET_NAME = YYPlayView;
			};
			name = Debug;
		};
		022C8343221D510500CAAC84 /* Release */ = {
			isa = XCBuildConfiguration;
			buildSettings = {
				CODE_SIGN_STYLE = Automatic;
				INFOPLIST_FILE = YYPlayViewUITests/Info.plist;
				LD_RUNPATH_SEARCH_PATHS = (
					"$(inherited)",
					"@executable_path/Frameworks",
					"@loader_path/Frameworks",
				);
				PRODUCT_BUNDLE_IDENTIFIER = com.alibaba.YYPlayViewUITests;
				PRODUCT_NAME = "$(TARGET_NAME)";
				TARGETED_DEVICE_FAMILY = "1,2";
				TEST_TARGET_NAME = YYPlayView;
			};
			name = Release;
		};
/* End XCBuildConfiguration section */

/* Begin XCConfigurationList section */
		022C830A221D510400CAAC84 /* Build configuration list for PBXProject "YYPlayView" */ = {
			isa = XCConfigurationList;
			buildConfigurations = (
				022C8339221D510500CAAC84 /* Debug */,
				022C833A221D510500CAAC84 /* Release */,
			);
			defaultConfigurationIsVisible = 0;
			defaultConfigurationName = Release;
		};
		022C833B221D510500CAAC84 /* Build configuration list for PBXNativeTarget "YYPlayView" */ = {
			isa = XCConfigurationList;
			buildConfigurations = (
				022C833C221D510500CAAC84 /* Debug */,
				022C833D221D510500CAAC84 /* Release */,
			);
			defaultConfigurationIsVisible = 0;
			defaultConfigurationName = Release;
		};
		022C833E221D510500CAAC84 /* Build configuration list for PBXNativeTarget "YYPlayViewTests" */ = {
			isa = XCConfigurationList;
			buildConfigurations = (
				022C833F221D510500CAAC84 /* Debug */,
				022C8340221D510500CAAC84 /* Release */,
			);
			defaultConfigurationIsVisible = 0;
			defaultConfigurationName = Release;
		};
		022C8341221D510500CAAC84 /* Build configuration list for PBXNativeTarget "YYPlayViewUITests" */ = {
			isa = XCConfigurationList;
			buildConfigurations = (
				022C8342221D510500CAAC84 /* Debug */,
				022C8343221D510500CAAC84 /* Release */,
			);
			defaultConfigurationIsVisible = 0;
			defaultConfigurationName = Release;
		};
/* End XCConfigurationList section */
	};
	rootObject = 022C8307221D510400CAAC84 /* Project object */;
}
